dependencies:
- name: docker-registry
  repository: https://helm.twun.io
  version: 2.2.2
- name: mlrun-ce
  repository: ""
  version: 0.6.3-rc3
- name: coder
  repository: ""
  version: 0.1.0
- name: postgres-operator
  repository: https://opensource.zalando.com/postgres-operator/charts/postgres-operator
  version: 1.10.0
- name: ext-postgres-operator
  repository: ""
  version: 1.2.4
- name: custom-resource-manager
  repository: ""
  version: 0.1.0
- name: postgrest-operator
  repository: ""
  version: 0.1.0
- name: grafana
  repository: https://grafana.github.io/helm-charts
  version: 7.0.3
- name: core
  repository: ""
  version: 0.1.0
- name: apigw-operator
  repository: ""
  version: 0.1.0
- name: rabbitmq-cluster-operator
  repository: https://charts.bitnami.com/bitnami
  version: 3.10.10
digest: sha256:48e7de42689afe1416422741a6427f0c48206caa24c30f4276d51d2e0a4376e4
generated: "2024-01-15T12:54:15.646025877+01:00"
