dependencies:
- name: docker-registry
  repository: https://helm.twun.io
  version: 2.2.2
- name: mlrun-ce
  repository: ""
  version: 0.6.3-rc3
- name: coder
  repository: ""
  version: 0.1.0
- name: postgres-operator
  repository: https://opensource.zalando.com/postgres-operator/charts/postgres-operator
  version: 1.10.0
- name: ext-postgres-operator
  repository: ""
  version: 1.2.4
- name: custom-resource-manager
  repository: ""
  version: 0.1.0
- name: postgrest-operator
  repository: ""
  version: 0.1.0
- name: grafana
  repository: https://grafana.github.io/helm-charts
  version: 7.0.3
digest: sha256:198c7d09848c127113148e58f6f7ea97d7c2dbb5896972b48ce424be30dce32f
generated: "2023-11-13T14:41:23.925243508+01:00"
