dependencies:
- name: docker-registry
  repository: https://helm.twun.io
  version: 2.2.2
- name: mlrun-ce
  repository: https://mlrun.github.io/ce
  version: 0.6.2
- name: postgresql
  repository: https://charts.bitnami.com/bitnami
  version: 12.8.0
- name: coder
  repository: https://helm.coder.com/v2
  version: 2.0.0
- name: postgres-operator
  repository: https://opensource.zalando.com/postgres-operator/charts/postgres-operator
  version: 1.10.0
- name: ext-postgres-operator
  repository: ""
  version: 1.2.4
digest: sha256:43909d97a6a4a5c75d058fb5e3adab9bd7efef14acdf2fcf208c51fc2f5d859a
generated: "2023-08-08T16:59:35.832614884+02:00"
